// !$*UTF8*$!
{
	archiveVersion = 1;
	classes = {
	};
	objectVersion = 46;
	objects = {

/* Begin PBXBuildFile section */
		CA5D6FB71E9E06080018B387 /* AppDelegate.swift in Sources */ = {isa = PBXBuildFile; fileRef = CA5D6FB61E9E06080018B387 /* AppDelegate.swift */; };
		CA5D6FB91E9E06080018B387 /* ViewController.swift in Sources */ = {isa = PBXBuildFile; fileRef = CA5D6FB81E9E06080018B387 /* ViewController.swift */; };
		CA5D6FBC1E9E06080018B387 /* Main.storyboard in Resources */ = {isa = PBXBuildFile; fileRef = CA5D6FBA1E9E06080018B387 /* Main.storyboard */; };
		CA5D6FBE1E9E06080018B387 /* Assets.xcassets in Resources */ = {isa = PBXBuildFile; fileRef = CA5D6FBD1E9E06080018B387 /* Assets.xcassets */; };
		CA5D6FC11E9E06080018B387 /* LaunchScreen.storyboard in Resources */ = {isa = PBXBuildFile; fileRef = CA5D6FBF1E9E06080018B387 /* LaunchScreen.storyboard */; };
		CA5D6FCC1E9E06080018B387 /* BeverageInformationServiceTests.swift in Sources */ = {isa = PBXBuildFile; fileRef = CA5D6FCB1E9E06080018B387 /* BeverageInformationServiceTests.swift */; };
		CA5D6FD91E9E06630018B387 /* BerverageInformationCellView.swift in Sources */ = {isa = PBXBuildFile; fileRef = CA5D6FD81E9E06630018B387 /* BerverageInformationCellView.swift */; };
		CA62A9971EA6C737009DE562 /* Config.plist in Resources */ = {isa = PBXBuildFile; fileRef = CA62A9961EA6C737009DE562 /* Config.plist */; };
		CAA1E0F01EA4D09900E5B7BA /* BeverageInformationService.swift in Sources */ = {isa = PBXBuildFile; fileRef = CAA1E0EF1EA4D09900E5B7BA /* BeverageInformationService.swift */; };
		CAA1E0F11EA4D1DE00E5B7BA /* BeverageInformationService.swift in Sources */ = {isa = PBXBuildFile; fileRef = CAA1E0EF1EA4D09900E5B7BA /* BeverageInformationService.swift */; };
		CAA1E0F31EA4D1F000E5B7BA /* MockedBeverageInformationService.swift in Sources */ = {isa = PBXBuildFile; fileRef = CAA1E0F21EA4D1F000E5B7BA /* MockedBeverageInformationService.swift */; };
		CAA1E0F41EA4D1F000E5B7BA /* MockedBeverageInformationService.swift in Sources */ = {isa = PBXBuildFile; fileRef = CAA1E0F21EA4D1F000E5B7BA /* MockedBeverageInformationService.swift */; };
		CAA1E0F61EA4D5D500E5B7BA /* NetworkBeverageInformationService.swift in Sources */ = {isa = PBXBuildFile; fileRef = CAA1E0F51EA4D5D500E5B7BA /* NetworkBeverageInformationService.swift */; };
		CAA1E0F71EA4D5D500E5B7BA /* NetworkBeverageInformationService.swift in Sources */ = {isa = PBXBuildFile; fileRef = CAA1E0F51EA4D5D500E5B7BA /* NetworkBeverageInformationService.swift */; };
/* End PBXBuildFile section */

/* Begin PBXContainerItemProxy section */
		CA5D6FC81E9E06080018B387 /* PBXContainerItemProxy */ = {
			isa = PBXContainerItemProxy;
			containerPortal = CA5D6FAB1E9E06080018B387 /* Project object */;
			proxyType = 1;
			remoteGlobalIDString = CA5D6FB21E9E06080018B387;
			remoteInfo = "beverage-maker-mobile-app";
		};
/* End PBXContainerItemProxy section */

/* Begin PBXFileReference section */
		CA5D6FB31E9E06080018B387 /* beverage-maker-mobile-app.app */ = {isa = PBXFileReference; explicitFileType = wrapper.application; includeInIndex = 0; path = "beverage-maker-mobile-app.app"; sourceTree = BUILT_PRODUCTS_DIR; };
		CA5D6FB61E9E06080018B387 /* AppDelegate.swift */ = {isa = PBXFileReference; lastKnownFileType = sourcecode.swift; path = AppDelegate.swift; sourceTree = "<group>"; };
		CA5D6FB81E9E06080018B387 /* ViewController.swift */ = {isa = PBXFileReference; lastKnownFileType = sourcecode.swift; path = ViewController.swift; sourceTree = "<group>"; };
		CA5D6FBB1E9E06080018B387 /* Base */ = {isa = PBXFileReference; lastKnownFileType = file.storyboard; name = Base; path = Base.lproj/Main.storyboard; sourceTree = "<group>"; };
		CA5D6FBD1E9E06080018B387 /* Assets.xcassets */ = {isa = PBXFileReference; lastKnownFileType = folder.assetcatalog; path = Assets.xcassets; sourceTree = "<group>"; };
		CA5D6FC01E9E06080018B387 /* Base */ = {isa = PBXFileReference; lastKnownFileType = file.storyboard; name = Base; path = Base.lproj/LaunchScreen.storyboard; sourceTree = "<group>"; };
		CA5D6FC21E9E06080018B387 /* Info.plist */ = {isa = PBXFileReference; lastKnownFileType = text.plist.xml; path = Info.plist; sourceTree = "<group>"; };
		CA5D6FC71E9E06080018B387 /* beverage-maker-mobile-appTests.xctest */ = {isa = PBXFileReference; explicitFileType = wrapper.cfbundle; includeInIndex = 0; path = "beverage-maker-mobile-appTests.xctest"; sourceTree = BUILT_PRODUCTS_DIR; };
		CA5D6FCB1E9E06080018B387 /* BeverageInformationServiceTests.swift */ = {isa = PBXFileReference; lastKnownFileType = sourcecode.swift; path = BeverageInformationServiceTests.swift; sourceTree = "<group>"; };
		CA5D6FCD1E9E06080018B387 /* Info.plist */ = {isa = PBXFileReference; lastKnownFileType = text.plist.xml; path = Info.plist; sourceTree = "<group>"; };
		CA5D6FD81E9E06630018B387 /* BerverageInformationCellView.swift */ = {isa = PBXFileReference; fileEncoding = 4; lastKnownFileType = sourcecode.swift; path = BerverageInformationCellView.swift; sourceTree = "<group>"; };
		CA62A9961EA6C737009DE562 /* Config.plist */ = {isa = PBXFileReference; fileEncoding = 4; lastKnownFileType = text.plist.xml; path = Config.plist; sourceTree = "<group>"; };
		CAA1E0EF1EA4D09900E5B7BA /* BeverageInformationService.swift */ = {isa = PBXFileReference; fileEncoding = 4; lastKnownFileType = sourcecode.swift; path = BeverageInformationService.swift; sourceTree = "<group>"; };
		CAA1E0F21EA4D1F000E5B7BA /* MockedBeverageInformationService.swift */ = {isa = PBXFileReference; fileEncoding = 4; lastKnownFileType = sourcecode.swift; path = MockedBeverageInformationService.swift; sourceTree = "<group>"; };
		CAA1E0F51EA4D5D500E5B7BA /* NetworkBeverageInformationService.swift */ = {isa = PBXFileReference; fileEncoding = 4; lastKnownFileType = sourcecode.swift; path = NetworkBeverageInformationService.swift; sourceTree = "<group>"; };
/* End PBXFileReference section */

/* Begin PBXFrameworksBuildPhase section */
		CA5D6FB01E9E06080018B387 /* Frameworks */ = {
			isa = PBXFrameworksBuildPhase;
			buildActionMask = 2147483647;
			files = (
			);
			runOnlyForDeploymentPostprocessing = 0;
		};
		CA5D6FC41E9E06080018B387 /* Frameworks */ = {
			isa = PBXFrameworksBuildPhase;
			buildActionMask = 2147483647;
			files = (
			);
			runOnlyForDeploymentPostprocessing = 0;
		};
/* End PBXFrameworksBuildPhase section */

/* Begin PBXGroup section */
		CA5D6FAA1E9E06080018B387 = {
			isa = PBXGroup;
			children = (
				CA5D6FB51E9E06080018B387 /* beverage-maker-mobile-app */,
				CA5D6FCA1E9E06080018B387 /* beverage-maker-mobile-appTests */,
				CA5D6FB41E9E06080018B387 /* Products */,
			);
			sourceTree = "<group>";
		};
		CA5D6FB41E9E06080018B387 /* Products */ = {
			isa = PBXGroup;
			children = (
				CA5D6FB31E9E06080018B387 /* beverage-maker-mobile-app.app */,
				CA5D6FC71E9E06080018B387 /* beverage-maker-mobile-appTests.xctest */,
			);
			name = Products;
			sourceTree = "<group>";
		};
		CA5D6FB51E9E06080018B387 /* beverage-maker-mobile-app */ = {
			isa = PBXGroup;
			children = (
				CA5D6FB61E9E06080018B387 /* AppDelegate.swift */,
				CA5D6FB81E9E06080018B387 /* ViewController.swift */,
				CA5D6FD81E9E06630018B387 /* BerverageInformationCellView.swift */,
				CA5D6FBA1E9E06080018B387 /* Main.storyboard */,
				CA5D6FBD1E9E06080018B387 /* Assets.xcassets */,
				CA5D6FBF1E9E06080018B387 /* LaunchScreen.storyboard */,
				CA62A9961EA6C737009DE562 /* Config.plist */,
				CA5D6FC21E9E06080018B387 /* Info.plist */,
				CAA1E0EF1EA4D09900E5B7BA /* BeverageInformationService.swift */,
				CAA1E0F51EA4D5D500E5B7BA /* NetworkBeverageInformationService.swift */,
				CAA1E0F21EA4D1F000E5B7BA /* MockedBeverageInformationService.swift */,
			);
			path = "beverage-maker-mobile-app";
			sourceTree = "<group>";
		};
		CA5D6FCA1E9E06080018B387 /* beverage-maker-mobile-appTests */ = {
			isa = PBXGroup;
			children = (
				CA5D6FCB1E9E06080018B387 /* BeverageInformationServiceTests.swift */,
				CA5D6FCD1E9E06080018B387 /* Info.plist */,
			);
			path = "beverage-maker-mobile-appTests";
			sourceTree = "<group>";
		};
/* End PBXGroup section */

/* Begin PBXNativeTarget section */
		CA5D6FB21E9E06080018B387 /* beverage-maker-mobile-app */ = {
			isa = PBXNativeTarget;
			buildConfigurationList = CA5D6FD01E9E06080018B387 /* Build configuration list for PBXNativeTarget "beverage-maker-mobile-app" */;
			buildPhases = (
				CA5D6FAF1E9E06080018B387 /* Sources */,
				CA5D6FB01E9E06080018B387 /* Frameworks */,
				CA5D6FB11E9E06080018B387 /* Resources */,
			);
			buildRules = (
			);
			dependencies = (
			);
			name = "beverage-maker-mobile-app";
			productName = "beverage-maker-mobile-app";
			productReference = CA5D6FB31E9E06080018B387 /* beverage-maker-mobile-app.app */;
			productType = "com.apple.product-type.application";
		};
		CA5D6FC61E9E06080018B387 /* beverage-maker-mobile-appTests */ = {
			isa = PBXNativeTarget;
			buildConfigurationList = CA5D6FD31E9E06080018B387 /* Build configuration list for PBXNativeTarget "beverage-maker-mobile-appTests" */;
			buildPhases = (
				CA5D6FC31E9E06080018B387 /* Sources */,
				CA5D6FC41E9E06080018B387 /* Frameworks */,
				CA5D6FC51E9E06080018B387 /* Resources */,
			);
			buildRules = (
			);
			dependencies = (
				CA5D6FC91E9E06080018B387 /* PBXTargetDependency */,
			);
			name = "beverage-maker-mobile-appTests";
			productName = "beverage-maker-mobile-appTests";
			productReference = CA5D6FC71E9E06080018B387 /* beverage-maker-mobile-appTests.xctest */;
			productType = "com.apple.product-type.bundle.unit-test";
		};
/* End PBXNativeTarget section */

/* Begin PBXProject section */
		CA5D6FAB1E9E06080018B387 /* Project object */ = {
			isa = PBXProject;
			attributes = {
				LastSwiftUpdateCheck = 0830;
				LastUpgradeCheck = 0830;
				ORGANIZATIONNAME = "IQ Business";
				TargetAttributes = {
					CA5D6FB21E9E06080018B387 = {
						CreatedOnToolsVersion = 8.3;
						DevelopmentTeam = 5C77ZRPGG8;
						ProvisioningStyle = Automatic;
					};
					CA5D6FC61E9E06080018B387 = {
						CreatedOnToolsVersion = 8.3;
						DevelopmentTeam = 5C77ZRPGG8;
						ProvisioningStyle = Automatic;
						TestTargetID = CA5D6FB21E9E06080018B387;
					};
				};
			};
			buildConfigurationList = CA5D6FAE1E9E06080018B387 /* Build configuration list for PBXProject "beverage-maker-mobile-app" */;
			compatibilityVersion = "Xcode 3.2";
			developmentRegion = English;
			hasScannedForEncodings = 0;
			knownRegions = (
				en,
				Base,
			);
			mainGroup = CA5D6FAA1E9E06080018B387;
			productRefGroup = CA5D6FB41E9E06080018B387 /* Products */;
			projectDirPath = "";
			projectRoot = "";
			targets = (
				CA5D6FB21E9E06080018B387 /* beverage-maker-mobile-app */,
				CA5D6FC61E9E06080018B387 /* beverage-maker-mobile-appTests */,
			);
		};
/* End PBXProject section */

/* Begin PBXResourcesBuildPhase section */
		CA5D6FB11E9E06080018B387 /* Resources */ = {
			isa = PBXResourcesBuildPhase;
			buildActionMask = 2147483647;
			files = (
				CA62A9971EA6C737009DE562 /* Config.plist in Resources */,
				CA5D6FC11E9E06080018B387 /* LaunchScreen.storyboard in Resources */,
				CA5D6FBE1E9E06080018B387 /* Assets.xcassets in Resources */,
				CA5D6FBC1E9E06080018B387 /* Main.storyboard in Resources */,
			);
			runOnlyForDeploymentPostprocessing = 0;
		};
		CA5D6FC51E9E06080018B387 /* Resources */ = {
			isa = PBXResourcesBuildPhase;
			buildActionMask = 2147483647;
			files = (
			);
			runOnlyForDeploymentPostprocessing = 0;
		};
/* End PBXResourcesBuildPhase section */

/* Begin PBXSourcesBuildPhase section */
		CA5D6FAF1E9E06080018B387 /* Sources */ = {
			isa = PBXSourcesBuildPhase;
			buildActionMask = 2147483647;
			files = (
				CAA1E0F01EA4D09900E5B7BA /* BeverageInformationService.swift in Sources */,
				CAA1E0F61EA4D5D500E5B7BA /* NetworkBeverageInformationService.swift in Sources */,
				CA5D6FB91E9E06080018B387 /* ViewController.swift in Sources */,
				CAA1E0F31EA4D1F000E5B7BA /* MockedBeverageInformationService.swift in Sources */,
				CA5D6FB71E9E06080018B387 /* AppDelegate.swift in Sources */,
				CA5D6FD91E9E06630018B387 /* BerverageInformationCellView.swift in Sources */,
			);
			runOnlyForDeploymentPostprocessing = 0;
		};
		CA5D6FC31E9E06080018B387 /* Sources */ = {
			isa = PBXSourcesBuildPhase;
			buildActionMask = 2147483647;
			files = (
				CAA1E0F41EA4D1F000E5B7BA /* MockedBeverageInformationService.swift in Sources */,
				CAA1E0F71EA4D5D500E5B7BA /* NetworkBeverageInformationService.swift in Sources */,
				CAA1E0F11EA4D1DE00E5B7BA /* BeverageInformationService.swift in Sources */,
				CA5D6FCC1E9E06080018B387 /* BeverageInformationServiceTests.swift in Sources */,
			);
			runOnlyForDeploymentPostprocessing = 0;
		};
/* End PBXSourcesBuildPhase section */

/* Begin PBXTargetDependency section */
		CA5D6FC91E9E06080018B387 /* PBXTargetDependency */ = {
			isa = PBXTargetDependency;
			target = CA5D6FB21E9E06080018B387 /* beverage-maker-mobile-app */;
			targetProxy = CA5D6FC81E9E06080018B387 /* PBXContainerItemProxy */;
		};
/* End PBXTargetDependency section */

/* Begin PBXVariantGroup section */
		CA5D6FBA1E9E06080018B387 /* Main.storyboard */ = {
			isa = PBXVariantGroup;
			children = (
				CA5D6FBB1E9E06080018B387 /* Base */,
			);
			name = Main.storyboard;
			sourceTree = "<group>";
		};
		CA5D6FBF1E9E06080018B387 /* LaunchScreen.storyboard */ = {
			isa = PBXVariantGroup;
			children = (
				CA5D6FC01E9E06080018B387 /* Base */,
			);
			name = LaunchScreen.storyboard;
			sourceTree = "<group>";
		};
/* End PBXVariantGroup section */

/* Begin XCBuildConfiguration section */
		CA5D6FCE1E9E06080018B387 /* Debug */ = {
			isa = XCBuildConfiguration;
			buildSettings = {
				ALWAYS_SEARCH_USER_PATHS = NO;
				CLANG_ANALYZER_NONNULL = YES;
				CLANG_ANALYZER_NUMBER_OBJECT_CONVERSION = YES_AGGRESSIVE;
				CLANG_CXX_LANGUAGE_STANDARD = "gnu++0x";
				CLANG_CXX_LIBRARY = "libc++";
				CLANG_ENABLE_MODULES = YES;
				CLANG_ENABLE_OBJC_ARC = YES;
				CLANG_WARN_BOOL_CONVERSION = YES;
				CLANG_WARN_CONSTANT_CONVERSION = YES;
				CLANG_WARN_DIRECT_OBJC_ISA_USAGE = YES_ERROR;
				CLANG_WARN_DOCUMENTATION_COMMENTS = YES;
				CLANG_WARN_EMPTY_BODY = YES;
				CLANG_WARN_ENUM_CONVERSION = YES;
				CLANG_WARN_INFINITE_RECURSION = YES;
				CLANG_WARN_INT_CONVERSION = YES;
				CLANG_WARN_OBJC_ROOT_CLASS = YES_ERROR;
				CLANG_WARN_SUSPICIOUS_MOVE = YES;
				CLANG_WARN_UNREACHABLE_CODE = YES;
				CLANG_WARN__DUPLICATE_METHOD_MATCH = YES;
				"CODE_SIGN_IDENTITY[sdk=iphoneos*]" = "iPhone Developer";
				COPY_PHASE_STRIP = NO;
				DEBUG_INFORMATION_FORMAT = dwarf;
				ENABLE_STRICT_OBJC_MSGSEND = YES;
				ENABLE_TESTABILITY = YES;
				GCC_C_LANGUAGE_STANDARD = gnu99;
				GCC_DYNAMIC_NO_PIC = NO;
				GCC_NO_COMMON_BLOCKS = YES;
				GCC_OPTIMIZATION_LEVEL = 0;
				GCC_PREPROCESSOR_DEFINITIONS = (
					"DEBUG=1",
					"$(inherited)",
				);
				GCC_WARN_64_TO_32_BIT_CONVERSION = YES;
				GCC_WARN_ABOUT_RETURN_TYPE = YES_ERROR;
				GCC_WARN_UNDECLARED_SELECTOR = YES;
				GCC_WARN_UNINITIALIZED_AUTOS = YES_AGGRESSIVE;
				GCC_WARN_UNUSED_FUNCTION = YES;
				GCC_WARN_UNUSED_VARIABLE = YES;
				IPHONEOS_DEPLOYMENT_TARGET = 10.3;
				MTL_ENABLE_DEBUG_INFO = YES;
				ONLY_ACTIVE_ARCH = YES;
				SDKROOT = iphoneos;
				SWIFT_ACTIVE_COMPILATION_CONDITIONS = DEBUG;
				SWIFT_OPTIMIZATION_LEVEL = "-Onone";
			};
			name = Debug;
		};
		CA5D6FCF1E9E06080018B387 /* Release */ = {
			isa = XCBuildConfiguration;
			buildSettings = {
				ALWAYS_SEARCH_USER_PATHS = NO;
				CLANG_ANALYZER_NONNULL = YES;
				CLANG_ANALYZER_NUMBER_OBJECT_CONVERSION = YES_AGGRESSIVE;
				CLANG_CXX_LANGUAGE_STANDARD = "gnu++0x";
				CLANG_CXX_LIBRARY = "libc++";
				CLANG_ENABLE_MODULES = YES;
				CLANG_ENABLE_OBJC_ARC = YES;
				CLANG_WARN_BOOL_CONVERSION = YES;
				CLANG_WARN_CONSTANT_CONVERSION = YES;
				CLANG_WARN_DIRECT_OBJC_ISA_USAGE = YES_ERROR;
				CLANG_WARN_DOCUMENTATION_COMMENTS = YES;
				CLANG_WARN_EMPTY_BODY = YES;
				CLANG_WARN_ENUM_CONVERSION = YES;
				CLANG_WARN_INFINITE_RECURSION = YES;
				CLANG_WARN_INT_CONVERSION = YES;
				CLANG_WARN_OBJC_ROOT_CLASS = YES_ERROR;
				CLANG_WARN_SUSPICIOUS_MOVE = YES;
				CLANG_WARN_UNREACHABLE_CODE = YES;
				CLANG_WARN__DUPLICATE_METHOD_MATCH = YES;
				"CODE_SIGN_IDENTITY[sdk=iphoneos*]" = "iPhone Developer";
				COPY_PHASE_STRIP = NO;
				DEBUG_INFORMATION_FORMAT = "dwarf-with-dsym";
				ENABLE_NS_ASSERTIONS = NO;
				ENABLE_STRICT_OBJC_MSGSEND = YES;
				GCC_C_LANGUAGE_STANDARD = gnu99;
				GCC_NO_COMMON_BLOCKS = YES;
				GCC_WARN_64_TO_32_BIT_CONVERSION = YES;
				GCC_WARN_ABOUT_RETURN_TYPE = YES_ERROR;
				GCC_WARN_UNDECLARED_SELECTOR = YES;
				GCC_WARN_UNINITIALIZED_AUTOS = YES_AGGRESSIVE;
				GCC_WARN_UNUSED_FUNCTION = YES;
				GCC_WARN_UNUSED_VARIABLE = YES;
				IPHONEOS_DEPLOYMENT_TARGET = 10.3;
				MTL_ENABLE_DEBUG_INFO = NO;
				SDKROOT = iphoneos;
				SWIFT_OPTIMIZATION_LEVEL = "-Owholemodule";
				VALIDATE_PRODUCT = YES;
			};
			name = Release;
		};
		CA5D6FD11E9E06080018B387 /* Debug */ = {
			isa = XCBuildConfiguration;
			buildSettings = {
				ASSETCATALOG_COMPILER_APPICON_NAME = AppIcon;
				DEVELOPMENT_TEAM = 5C77ZRPGG8;
				INFOPLIST_FILE = "beverage-maker-mobile-app/Info.plist";
				LD_RUNPATH_SEARCH_PATHS = "$(inherited) @executable_path/Frameworks";
				PRODUCT_BUNDLE_IDENTIFIER = "net.iqbusiness.beverage-maker-mobile-app";
				PRODUCT_NAME = "$(TARGET_NAME)";
				SWIFT_VERSION = 3.0;
			};
			name = Debug;
		};
		CA5D6FD21E9E06080018B387 /* Release */ = {
			isa = XCBuildConfiguration;
			buildSettings = {
				ASSETCATALOG_COMPILER_APPICON_NAME = AppIcon;
				DEVELOPMENT_TEAM = 5C77ZRPGG8;
				INFOPLIST_FILE = "beverage-maker-mobile-app/Info.plist";
				LD_RUNPATH_SEARCH_PATHS = "$(inherited) @executable_path/Frameworks";
				PRODUCT_BUNDLE_IDENTIFIER = "net.iqbusiness.beverage-maker-mobile-app";
				PRODUCT_NAME = "$(TARGET_NAME)";
				SWIFT_VERSION = 3.0;
			};
			name = Release;
		};
		CA5D6FD41E9E06080018B387 /* Debug */ = {
			isa = XCBuildConfiguration;
			buildSettings = {
				ALWAYS_EMBED_SWIFT_STANDARD_LIBRARIES = YES;
				BUNDLE_LOADER = "$(TEST_HOST)";
				DEVELOPMENT_TEAM = 5C77ZRPGG8;
				INFOPLIST_FILE = "beverage-maker-mobile-appTests/Info.plist";
				LD_RUNPATH_SEARCH_PATHS = "$(inherited) @executable_path/Frameworks @loader_path/Frameworks";
				PRODUCT_BUNDLE_IDENTIFIER = "net.iqbusiness.beverage-maker-mobile-appTests";
				PRODUCT_NAME = "$(TARGET_NAME)";
				SWIFT_VERSION = 3.0;
				TEST_HOST = "$(BUILT_PRODUCTS_DIR)/beverage-maker-mobile-app.app/beverage-maker-mobile-app";
			};
			name = Debug;
		};
		CA5D6FD51E9E06080018B387 /* Release */ = {
			isa = XCBuildConfiguration;
			buildSettings = {
				ALWAYS_EMBED_SWIFT_STANDARD_LIBRARIES = YES;
				BUNDLE_LOADER = "$(TEST_HOST)";
				DEVELOPMENT_TEAM = 5C77ZRPGG8;
				INFOPLIST_FILE = "beverage-maker-mobile-appTests/Info.plist";
				LD_RUNPATH_SEARCH_PATHS = "$(inherited) @executable_path/Frameworks @loader_path/Frameworks";
				PRODUCT_BUNDLE_IDENTIFIER = "net.iqbusiness.beverage-maker-mobile-appTests";
				PRODUCT_NAME = "$(TARGET_NAME)";
				SWIFT_VERSION = 3.0;
				TEST_HOST = "$(BUILT_PRODUCTS_DIR)/beverage-maker-mobile-app.app/beverage-maker-mobile-app";
			};
			name = Release;
		};
/* End XCBuildConfiguration section */

/* Begin XCConfigurationList section */
		CA5D6FAE1E9E06080018B387 /* Build configuration list for PBXProject "beverage-maker-mobile-app" */ = {
			isa = XCConfigurationList;
			buildConfigurations = (
				CA5D6FCE1E9E06080018B387 /* Debug */,
				CA5D6FCF1E9E06080018B387 /* Release */,
			);
			defaultConfigurationIsVisible = 0;
			defaultConfigurationName = Release;
		};
		CA5D6FD01E9E06080018B387 /* Build configuration list for PBXNativeTarget "beverage-maker-mobile-app" */ = {
			isa = XCConfigurationList;
			buildConfigurations = (
				CA5D6FD11E9E06080018B387 /* Debug */,
				CA5D6FD21E9E06080018B387 /* Release */,
			);
			defaultConfigurationIsVisible = 0;
			defaultConfigurationName = Release;
		};
		CA5D6FD31E9E06080018B387 /* Build configuration list for PBXNativeTarget "beverage-maker-mobile-appTests" */ = {
			isa = XCConfigurationList;
			buildConfigurations = (
				CA5D6FD41E9E06080018B387 /* Debug */,
				CA5D6FD51E9E06080018B387 /* Release */,
			);
			defaultConfigurationIsVisible = 0;
			defaultConfigurationName = Release;
		};
/* End XCConfigurationList section */
	};
	rootObject = CA5D6FAB1E9E06080018B387 /* Project object */;
}
